
Microsoft Visual Studio Solution File, Format Version 12.00
# Visual Studio Version 16
VisualStudioVersion = 16.0.29509.3
MinimumVisualStudioVersion = 10.0.40219.1
Project("{FAE04EC0-301F-11D3-BF4B-00C04F79EFBC}") = "G2", "G2\G2.csproj", "{0459FC62-1ECE-44B3-B2A8-2236100F7831}"
EndProject
Global
	GlobalSection(SolutionConfigurationPlatforms) = preSolution
		Debug|Any CPU = Debug|Any CPU
		Release|Any CPU = Release|Any CPU
	EndGlobalSection
	GlobalSection(ProjectConfigurationPlatforms) = postSolution
		{0459FC62-1ECE-44B3-B2A8-2236100F7831}.Debug|Any CPU.ActiveCfg = Debug|Any CPU
		{0459FC62-1ECE-44B3-B2A8-2236100F7831}.Debug|Any CPU.Build.0 = Debug|Any CPU
		{0459FC62-1ECE-44B3-B2A8-2236100F7831}.Release|Any CPU.ActiveCfg = Release|Any CPU
		{0459FC62-1ECE-44B3-B2A8-2236100F7831}.Release|Any CPU.Build.0 = Release|Any CPU
	EndGlobalSection
	GlobalSection(SolutionProperties) = preSolution
		HideSolutionNode = FALSE
	EndGlobalSection
	GlobalSection(ExtensibilityGlobals) = postSolution
		SolutionGuid = {28912212-B1C7-46ED-B6DB-73547CC644B1}
	EndGlobalSection
EndGlobal
